<?xml version="1.0" encoding="utf-8"?>
<Project ToolsVersion="4.0" xmlns="http://schemas.microsoft.com/developer/msbuild/2003">
  <ItemGroup>
    <Filter Include="src">
      <UniqueIdentifier>{664afaa1-e019-4684-ad6c-41e99be45509}</UniqueIdentifier>
    </Filter>
    <Filter Include="res">
      <UniqueIdentifier>{d5ac3c19-77bc-482f-bbb8-5b938c9b2a86}</UniqueIdentifier>
    </Filter>
    <Filter Include="src\renderer">
      <UniqueIdentifier>{28ca6ac3-9712-4e87-8a01-1352929da7b3}</UniqueIdentifier>
    </Filter>
    <Filter Include="res\shaders">
      <UniqueIdentifier>{f4508e0c-ed0f-4b17-97f9-a62855ef4c8a}</UniqueIdentifier>
    </Filter>
    <Filter Include="res\textures">
      <UniqueIdentifier>{cea40ec4-011b-4a74-ab0f-c1ffd4ac0037}</UniqueIdentifier>
    </Filter>
    <Filter Include="src\core">
      <UniqueIdentifier>{e5f8bb2c-7a49-4619-a4e2-537f36f55d73}</UniqueIdentifier>
    </Filter>
    <Filter Include="src\renderer\bridge">
      <UniqueIdentifier>{ede24185-5beb-40d1-a5ea-8276c2d25718}</UniqueIdentifier>
    </Filter>
  </ItemGroup>
  <ItemGroup>
    <ClCompile Include="src\main.cpp">
      <Filter>src</Filter>
    </ClCompile>
    <ClCompile Include="dependencies\glad\src\glad.c">
      <Filter>src</Filter>
    </ClCompile>
    <ClCompile Include="src\core\world.cpp">
      <Filter>src\core</Filter>
    </ClCompile>
    <ClCompile Include="src\renderer\bridge\bridge.cpp">
      <Filter>src\renderer\bridge</Filter>
    </ClCompile>
    <ClCompile Include="src\renderer\bridge\stb_image.cpp">
      <Filter>src\renderer\bridge</Filter>
    </ClCompile>
  </ItemGroup>
  <ItemGroup>
    <ClInclude Include="src\core\world.h">
      <Filter>src\core</Filter>
    </ClInclude>
    <ClInclude Include="src\renderer\bridge\bridge.h">
      <Filter>src\renderer\bridge</Filter>
    </ClInclude>
  </ItemGroup>
  <ItemGroup>
    <None Include="res\shaders\basic.frag">
      <Filter>res\shaders</Filter>
    </None>
    <None Include="res\shaders\basic.vert">
      <Filter>res\shaders</Filter>
    </None>
  </ItemGroup>
  <ItemGroup>
    <Image Include="res\textures\grass.jpg">
      <Filter>res\textures</Filter>
    </Image>
    <Image Include="res\textures\sideofgrass.jpg">
      <Filter>res\textures</Filter>
    </Image>
  </ItemGroup>
</Project>